// !$*UTF8*$!
{
	archiveVersion = 1;
	classes = {
	};
	objectVersion = 46;
	objects = {

/* Begin PBXBuildFile section */
		49268EA31E798DDB0015EB8C /* AppDelegate.swift in Sources */ = {isa = PBXBuildFile; fileRef = 49268EA21E798DDB0015EB8C /* AppDelegate.swift */; };
		49268EA51E798DDB0015EB8C /* ViewController.swift in Sources */ = {isa = PBXBuildFile; fileRef = 49268EA41E798DDB0015EB8C /* ViewController.swift */; };
		49268EA81E798DDB0015EB8C /* Main.storyboard in Resources */ = {isa = PBXBuildFile; fileRef = 49268EA61E798DDB0015EB8C /* Main.storyboard */; };
		49268EAA1E798DDB0015EB8C /* Assets.xcassets in Resources */ = {isa = PBXBuildFile; fileRef = 49268EA91E798DDB0015EB8C /* Assets.xcassets */; };
		49268EAD1E798DDB0015EB8C /* LaunchScreen.storyboard in Resources */ = {isa = PBXBuildFile; fileRef = 49268EAB1E798DDB0015EB8C /* LaunchScreen.storyboard */; };
		49268EBB1E798F030015EB8C /* ShareViewController.swift in Sources */ = {isa = PBXBuildFile; fileRef = 49268EBA1E798F030015EB8C /* ShareViewController.swift */; };
		49268EBE1E798F030015EB8C /* MainInterface.storyboard in Resources */ = {isa = PBXBuildFile; fileRef = 49268EBC1E798F030015EB8C /* MainInterface.storyboard */; };
		49268EC21E798F030015EB8C /* safari-extension.appex in Embed App Extensions */ = {isa = PBXBuildFile; fileRef = 49268EB81E798F030015EB8C /* safari-extension.appex */; settings = {ATTRIBUTES = (RemoveHeadersOnCopy, ); }; };
		49268EC81E7990400015EB8C /* GetURL.js in Resources */ = {isa = PBXBuildFile; fileRef = 49268EC71E7990400015EB8C /* GetURL.js */; };
/* End PBXBuildFile section */

/* Begin PBXContainerItemProxy section */
		49268EC01E798F030015EB8C /* PBXContainerItemProxy */ = {
			isa = PBXContainerItemProxy;
			containerPortal = 49268E971E798DDB0015EB8C /* Project object */;
			proxyType = 1;
			remoteGlobalIDString = 49268EB71E798F030015EB8C;
			remoteInfo = "safari-extension";
		};
/* End PBXContainerItemProxy section */

/* Begin PBXCopyFilesBuildPhase section */
		49268EC61E798F030015EB8C /* Embed App Extensions */ = {
			isa = PBXCopyFilesBuildPhase;
			buildActionMask = 2147483647;
			dstPath = "";
			dstSubfolderSpec = 13;
			files = (
				49268EC21E798F030015EB8C /* safari-extension.appex in Embed App Extensions */,
			);
			name = "Embed App Extensions";
			runOnlyForDeploymentPostprocessing = 0;
		};
/* End PBXCopyFilesBuildPhase section */

/* Begin PBXFileReference section */
		49268E9F1E798DDB0015EB8C /* icebox-ios.app */ = {isa = PBXFileReference; explicitFileType = wrapper.application; includeInIndex = 0; path = "icebox-ios.app"; sourceTree = BUILT_PRODUCTS_DIR; };
		49268EA21E798DDB0015EB8C /* AppDelegate.swift */ = {isa = PBXFileReference; lastKnownFileType = sourcecode.swift; path = AppDelegate.swift; sourceTree = "<group>"; };
		49268EA41E798DDB0015EB8C /* ViewController.swift */ = {isa = PBXFileReference; lastKnownFileType = sourcecode.swift; path = ViewController.swift; sourceTree = "<group>"; };
		49268EA71E798DDB0015EB8C /* Base */ = {isa = PBXFileReference; lastKnownFileType = file.storyboard; name = Base; path = Base.lproj/Main.storyboard; sourceTree = "<group>"; };
		49268EA91E798DDB0015EB8C /* Assets.xcassets */ = {isa = PBXFileReference; lastKnownFileType = folder.assetcatalog; path = Assets.xcassets; sourceTree = "<group>"; };
		49268EAC1E798DDB0015EB8C /* Base */ = {isa = PBXFileReference; lastKnownFileType = file.storyboard; name = Base; path = Base.lproj/LaunchScreen.storyboard; sourceTree = "<group>"; };
		49268EAE1E798DDB0015EB8C /* Info.plist */ = {isa = PBXFileReference; lastKnownFileType = text.plist.xml; path = Info.plist; sourceTree = "<group>"; };
		49268EB81E798F030015EB8C /* safari-extension.appex */ = {isa = PBXFileReference; explicitFileType = "wrapper.app-extension"; includeInIndex = 0; path = "safari-extension.appex"; sourceTree = BUILT_PRODUCTS_DIR; };
		49268EBA1E798F030015EB8C /* ShareViewController.swift */ = {isa = PBXFileReference; lastKnownFileType = sourcecode.swift; path = ShareViewController.swift; sourceTree = "<group>"; };
		49268EBD1E798F030015EB8C /* Base */ = {isa = PBXFileReference; lastKnownFileType = file.storyboard; name = Base; path = Base.lproj/MainInterface.storyboard; sourceTree = "<group>"; };
		49268EBF1E798F030015EB8C /* Info.plist */ = {isa = PBXFileReference; lastKnownFileType = text.plist.xml; path = Info.plist; sourceTree = "<group>"; };
		49268EC71E7990400015EB8C /* GetURL.js */ = {isa = PBXFileReference; fileEncoding = 4; lastKnownFileType = sourcecode.javascript; path = GetURL.js; sourceTree = "<group>"; };
/* End PBXFileReference section */

/* Begin PBXFrameworksBuildPhase section */
		49268E9C1E798DDB0015EB8C /* Frameworks */ = {
			isa = PBXFrameworksBuildPhase;
			buildActionMask = 2147483647;
			files = (
			);
			runOnlyForDeploymentPostprocessing = 0;
		};
		49268EB51E798F030015EB8C /* Frameworks */ = {
			isa = PBXFrameworksBuildPhase;
			buildActionMask = 2147483647;
			files = (
			);
			runOnlyForDeploymentPostprocessing = 0;
		};
/* End PBXFrameworksBuildPhase section */

/* Begin PBXGroup section */
		49268E961E798DDB0015EB8C = {
			isa = PBXGroup;
			children = (
				49268EA11E798DDB0015EB8C /* icebox-ios */,
				49268EB91E798F030015EB8C /* safari-extension */,
				49268EA01E798DDB0015EB8C /* Products */,
			);
			sourceTree = "<group>";
		};
		49268EA01E798DDB0015EB8C /* Products */ = {
			isa = PBXGroup;
			children = (
				49268E9F1E798DDB0015EB8C /* icebox-ios.app */,
				49268EB81E798F030015EB8C /* safari-extension.appex */,
			);
			name = Products;
			sourceTree = "<group>";
		};
		49268EA11E798DDB0015EB8C /* icebox-ios */ = {
			isa = PBXGroup;
			children = (
				49268EA21E798DDB0015EB8C /* AppDelegate.swift */,
				49268EA41E798DDB0015EB8C /* ViewController.swift */,
				49268EA61E798DDB0015EB8C /* Main.storyboard */,
				49268EA91E798DDB0015EB8C /* Assets.xcassets */,
				49268EAB1E798DDB0015EB8C /* LaunchScreen.storyboard */,
				49268EAE1E798DDB0015EB8C /* Info.plist */,
			);
			path = "icebox-ios";
			sourceTree = "<group>";
		};
		49268EB91E798F030015EB8C /* safari-extension */ = {
			isa = PBXGroup;
			children = (
				49268EBA1E798F030015EB8C /* ShareViewController.swift */,
				49268EBC1E798F030015EB8C /* MainInterface.storyboard */,
				49268EBF1E798F030015EB8C /* Info.plist */,
				49268EC71E7990400015EB8C /* GetURL.js */,
			);
			path = "safari-extension";
			sourceTree = "<group>";
		};
/* End PBXGroup section */

/* Begin PBXNativeTarget section */
		49268E9E1E798DDB0015EB8C /* icebox-ios */ = {
			isa = PBXNativeTarget;
			buildConfigurationList = 49268EB11E798DDB0015EB8C /* Build configuration list for PBXNativeTarget "icebox-ios" */;
			buildPhases = (
				49268E9B1E798DDB0015EB8C /* Sources */,
				49268E9C1E798DDB0015EB8C /* Frameworks */,
				49268E9D1E798DDB0015EB8C /* Resources */,
				49268EC61E798F030015EB8C /* Embed App Extensions */,
			);
			buildRules = (
			);
			dependencies = (
				49268EC11E798F030015EB8C /* PBXTargetDependency */,
			);
			name = "icebox-ios";
			productName = "icebox-ios";
			productReference = 49268E9F1E798DDB0015EB8C /* icebox-ios.app */;
			productType = "com.apple.product-type.application";
		};
		49268EB71E798F030015EB8C /* safari-extension */ = {
			isa = PBXNativeTarget;
			buildConfigurationList = 49268EC31E798F030015EB8C /* Build configuration list for PBXNativeTarget "safari-extension" */;
			buildPhases = (
				49268EB41E798F030015EB8C /* Sources */,
				49268EB51E798F030015EB8C /* Frameworks */,
				49268EB61E798F030015EB8C /* Resources */,
			);
			buildRules = (
			);
			dependencies = (
			);
			name = "safari-extension";
			productName = "safari-extension";
			productReference = 49268EB81E798F030015EB8C /* safari-extension.appex */;
			productType = "com.apple.product-type.app-extension";
		};
/* End PBXNativeTarget section */

/* Begin PBXProject section */
		49268E971E798DDB0015EB8C /* Project object */ = {
			isa = PBXProject;
			attributes = {
				LastSwiftUpdateCheck = 0820;
				LastUpgradeCheck = 0820;
				ORGANIZATIONNAME = Sergio;
				TargetAttributes = {
					49268E9E1E798DDB0015EB8C = {
						CreatedOnToolsVersion = 8.2.1;
						DevelopmentTeam = VEJENB7VTK;
						ProvisioningStyle = Automatic;
					};
					49268EB71E798F030015EB8C = {
						CreatedOnToolsVersion = 8.2.1;
						DevelopmentTeam = VEJENB7VTK;
						ProvisioningStyle = Automatic;
					};
				};
			};
			buildConfigurationList = 49268E9A1E798DDB0015EB8C /* Build configuration list for PBXProject "icebox-ios" */;
			compatibilityVersion = "Xcode 3.2";
			developmentRegion = English;
			hasScannedForEncodings = 0;
			knownRegions = (
				en,
				Base,
			);
			mainGroup = 49268E961E798DDB0015EB8C;
			productRefGroup = 49268EA01E798DDB0015EB8C /* Products */;
			projectDirPath = "";
			projectRoot = "";
			targets = (
				49268E9E1E798DDB0015EB8C /* icebox-ios */,
				49268EB71E798F030015EB8C /* safari-extension */,
			);
		};
/* End PBXProject section */

/* Begin PBXResourcesBuildPhase section */
		49268E9D1E798DDB0015EB8C /* Resources */ = {
			isa = PBXResourcesBuildPhase;
			buildActionMask = 2147483647;
			files = (
				49268EAD1E798DDB0015EB8C /* LaunchScreen.storyboard in Resources */,
				49268EAA1E798DDB0015EB8C /* Assets.xcassets in Resources */,
				49268EA81E798DDB0015EB8C /* Main.storyboard in Resources */,
			);
			runOnlyForDeploymentPostprocessing = 0;
		};
		49268EB61E798F030015EB8C /* Resources */ = {
			isa = PBXResourcesBuildPhase;
			buildActionMask = 2147483647;
			files = (
				49268EBE1E798F030015EB8C /* MainInterface.storyboard in Resources */,
				49268EC81E7990400015EB8C /* GetURL.js in Resources */,
			);
			runOnlyForDeploymentPostprocessing = 0;
		};
/* End PBXResourcesBuildPhase section */

/* Begin PBXSourcesBuildPhase section */
		49268E9B1E798DDB0015EB8C /* Sources */ = {
			isa = PBXSourcesBuildPhase;
			buildActionMask = 2147483647;
			files = (
				49268EA51E798DDB0015EB8C /* ViewController.swift in Sources */,
				49268EA31E798DDB0015EB8C /* AppDelegate.swift in Sources */,
			);
			runOnlyForDeploymentPostprocessing = 0;
		};
		49268EB41E798F030015EB8C /* Sources */ = {
			isa = PBXSourcesBuildPhase;
			buildActionMask = 2147483647;
			files = (
				49268EBB1E798F030015EB8C /* ShareViewController.swift in Sources */,
			);
			runOnlyForDeploymentPostprocessing = 0;
		};
/* End PBXSourcesBuildPhase section */

/* Begin PBXTargetDependency section */
		49268EC11E798F030015EB8C /* PBXTargetDependency */ = {
			isa = PBXTargetDependency;
			target = 49268EB71E798F030015EB8C /* safari-extension */;
			targetProxy = 49268EC01E798F030015EB8C /* PBXContainerItemProxy */;
		};
/* End PBXTargetDependency section */

/* Begin PBXVariantGroup section */
		49268EA61E798DDB0015EB8C /* Main.storyboard */ = {
			isa = PBXVariantGroup;
			children = (
				49268EA71E798DDB0015EB8C /* Base */,
			);
			name = Main.storyboard;
			sourceTree = "<group>";
		};
		49268EAB1E798DDB0015EB8C /* LaunchScreen.storyboard */ = {
			isa = PBXVariantGroup;
			children = (
				49268EAC1E798DDB0015EB8C /* Base */,
			);
			name = LaunchScreen.storyboard;
			sourceTree = "<group>";
		};
		49268EBC1E798F030015EB8C /* MainInterface.storyboard */ = {
			isa = PBXVariantGroup;
			children = (
				49268EBD1E798F030015EB8C /* Base */,
			);
			name = MainInterface.storyboard;
			sourceTree = "<group>";
		};
/* End PBXVariantGroup section */

/* Begin XCBuildConfiguration section */
		49268EAF1E798DDB0015EB8C /* Debug */ = {
			isa = XCBuildConfiguration;
			buildSettings = {
				ALWAYS_SEARCH_USER_PATHS = NO;
				CLANG_ANALYZER_NONNULL = YES;
				CLANG_CXX_LANGUAGE_STANDARD = "gnu++0x";
				CLANG_CXX_LIBRARY = "libc++";
				CLANG_ENABLE_MODULES = YES;
				CLANG_ENABLE_OBJC_ARC = YES;
				CLANG_WARN_BOOL_CONVERSION = YES;
				CLANG_WARN_CONSTANT_CONVERSION = YES;
				CLANG_WARN_DIRECT_OBJC_ISA_USAGE = YES_ERROR;
				CLANG_WARN_DOCUMENTATION_COMMENTS = YES;
				CLANG_WARN_EMPTY_BODY = YES;
				CLANG_WARN_ENUM_CONVERSION = YES;
				CLANG_WARN_INFINITE_RECURSION = YES;
				CLANG_WARN_INT_CONVERSION = YES;
				CLANG_WARN_OBJC_ROOT_CLASS = YES_ERROR;
				CLANG_WARN_SUSPICIOUS_MOVE = YES;
				CLANG_WARN_UNREACHABLE_CODE = YES;
				CLANG_WARN__DUPLICATE_METHOD_MATCH = YES;
				"CODE_SIGN_IDENTITY[sdk=iphoneos*]" = "iPhone Developer";
				COPY_PHASE_STRIP = NO;
				DEBUG_INFORMATION_FORMAT = dwarf;
				ENABLE_STRICT_OBJC_MSGSEND = YES;
				ENABLE_TESTABILITY = YES;
				GCC_C_LANGUAGE_STANDARD = gnu99;
				GCC_DYNAMIC_NO_PIC = NO;
				GCC_NO_COMMON_BLOCKS = YES;
				GCC_OPTIMIZATION_LEVEL = 0;
				GCC_PREPROCESSOR_DEFINITIONS = (
					"DEBUG=1",
					"$(inherited)",
				);
				GCC_WARN_64_TO_32_BIT_CONVERSION = YES;
				GCC_WARN_ABOUT_RETURN_TYPE = YES_ERROR;
				GCC_WARN_UNDECLARED_SELECTOR = YES;
				GCC_WARN_UNINITIALIZED_AUTOS = YES_AGGRESSIVE;
				GCC_WARN_UNUSED_FUNCTION = YES;
				GCC_WARN_UNUSED_VARIABLE = YES;
				IPHONEOS_DEPLOYMENT_TARGET = 10.2;
				MTL_ENABLE_DEBUG_INFO = YES;
				ONLY_ACTIVE_ARCH = YES;
				SDKROOT = iphoneos;
				SWIFT_ACTIVE_COMPILATION_CONDITIONS = DEBUG;
				SWIFT_OPTIMIZATION_LEVEL = "-Onone";
			};
			name = Debug;
		};
		49268EB01E798DDB0015EB8C /* Release */ = {
			isa = XCBuildConfiguration;
			buildSettings = {
				ALWAYS_SEARCH_USER_PATHS = NO;
				CLANG_ANALYZER_NONNULL = YES;
				CLANG_CXX_LANGUAGE_STANDARD = "gnu++0x";
				CLANG_CXX_LIBRARY = "libc++";
				CLANG_ENABLE_MODULES = YES;
				CLANG_ENABLE_OBJC_ARC = YES;
				CLANG_WARN_BOOL_CONVERSION = YES;
				CLANG_WARN_CONSTANT_CONVERSION = YES;
				CLANG_WARN_DIRECT_OBJC_ISA_USAGE = YES_ERROR;
				CLANG_WARN_DOCUMENTATION_COMMENTS = YES;
				CLANG_WARN_EMPTY_BODY = YES;
				CLANG_WARN_ENUM_CONVERSION = YES;
				CLANG_WARN_INFINITE_RECURSION = YES;
				CLANG_WARN_INT_CONVERSION = YES;
				CLANG_WARN_OBJC_ROOT_CLASS = YES_ERROR;
				CLANG_WARN_SUSPICIOUS_MOVE = YES;
				CLANG_WARN_UNREACHABLE_CODE = YES;
				CLANG_WARN__DUPLICATE_METHOD_MATCH = YES;
				"CODE_SIGN_IDENTITY[sdk=iphoneos*]" = "iPhone Developer";
				COPY_PHASE_STRIP = NO;
				DEBUG_INFORMATION_FORMAT = "dwarf-with-dsym";
				ENABLE_NS_ASSERTIONS = NO;
				ENABLE_STRICT_OBJC_MSGSEND = YES;
				GCC_C_LANGUAGE_STANDARD = gnu99;
				GCC_NO_COMMON_BLOCKS = YES;
				GCC_WARN_64_TO_32_BIT_CONVERSION = YES;
				GCC_WARN_ABOUT_RETURN_TYPE = YES_ERROR;
				GCC_WARN_UNDECLARED_SELECTOR = YES;
				GCC_WARN_UNINITIALIZED_AUTOS = YES_AGGRESSIVE;
				GCC_WARN_UNUSED_FUNCTION = YES;
				GCC_WARN_UNUSED_VARIABLE = YES;
				IPHONEOS_DEPLOYMENT_TARGET = 10.2;
				MTL_ENABLE_DEBUG_INFO = NO;
				SDKROOT = iphoneos;
				SWIFT_OPTIMIZATION_LEVEL = "-Owholemodule";
				VALIDATE_PRODUCT = YES;
			};
			name = Release;
		};
		49268EB21E798DDB0015EB8C /* Debug */ = {
			isa = XCBuildConfiguration;
			buildSettings = {
				ALWAYS_EMBED_SWIFT_STANDARD_LIBRARIES = YES;
				ASSETCATALOG_COMPILER_APPICON_NAME = AppIcon;
				DEVELOPMENT_TEAM = VEJENB7VTK;
				INFOPLIST_FILE = "icebox-ios/Info.plist";
				LD_RUNPATH_SEARCH_PATHS = "$(inherited) @executable_path/Frameworks";
				PRODUCT_BUNDLE_IDENTIFIER = "com.sergiopantoja.icebox-ios";
				PRODUCT_NAME = "$(TARGET_NAME)";
				SWIFT_VERSION = 3.0;
			};
			name = Debug;
		};
		49268EB31E798DDB0015EB8C /* Release */ = {
			isa = XCBuildConfiguration;
			buildSettings = {
				ALWAYS_EMBED_SWIFT_STANDARD_LIBRARIES = YES;
				ASSETCATALOG_COMPILER_APPICON_NAME = AppIcon;
				DEVELOPMENT_TEAM = VEJENB7VTK;
				INFOPLIST_FILE = "icebox-ios/Info.plist";
				LD_RUNPATH_SEARCH_PATHS = "$(inherited) @executable_path/Frameworks";
				PRODUCT_BUNDLE_IDENTIFIER = "com.sergiopantoja.icebox-ios";
				PRODUCT_NAME = "$(TARGET_NAME)";
				SWIFT_VERSION = 3.0;
			};
			name = Release;
		};
		49268EC41E798F030015EB8C /* Debug */ = {
			isa = XCBuildConfiguration;
			buildSettings = {
				DEVELOPMENT_TEAM = VEJENB7VTK;
				INFOPLIST_FILE = "safari-extension/Info.plist";
				LD_RUNPATH_SEARCH_PATHS = "$(inherited) @executable_path/Frameworks @executable_path/../../Frameworks";
				PRODUCT_BUNDLE_IDENTIFIER = "com.sergiopantoja.icebox-ios.safari-extension";
				PRODUCT_NAME = "$(TARGET_NAME)";
				SKIP_INSTALL = YES;
				SWIFT_VERSION = 3.0;
			};
			name = Debug;
		};
		49268EC51E798F030015EB8C /* Release */ = {
			isa = XCBuildConfiguration;
			buildSettings = {
				DEVELOPMENT_TEAM = VEJENB7VTK;
				INFOPLIST_FILE = "safari-extension/Info.plist";
				LD_RUNPATH_SEARCH_PATHS = "$(inherited) @executable_path/Frameworks @executable_path/../../Frameworks";
				PRODUCT_BUNDLE_IDENTIFIER = "com.sergiopantoja.icebox-ios.safari-extension";
				PRODUCT_NAME = "$(TARGET_NAME)";
				SKIP_INSTALL = YES;
				SWIFT_VERSION = 3.0;
			};
			name = Release;
		};
/* End XCBuildConfiguration section */

/* Begin XCConfigurationList section */
		49268E9A1E798DDB0015EB8C /* Build configuration list for PBXProject "icebox-ios" */ = {
			isa = XCConfigurationList;
			buildConfigurations = (
				49268EAF1E798DDB0015EB8C /* Debug */,
				49268EB01E798DDB0015EB8C /* Release */,
			);
			defaultConfigurationIsVisible = 0;
			defaultConfigurationName = Release;
		};
		49268EB11E798DDB0015EB8C /* Build configuration list for PBXNativeTarget "icebox-ios" */ = {
			isa = XCConfigurationList;
			buildConfigurations = (
				49268EB21E798DDB0015EB8C /* Debug */,
				49268EB31E798DDB0015EB8C /* Release */,
			);
			defaultConfigurationIsVisible = 0;
		};
		49268EC31E798F030015EB8C /* Build configuration list for PBXNativeTarget "safari-extension" */ = {
			isa = XCConfigurationList;
			buildConfigurations = (
				49268EC41E798F030015EB8C /* Debug */,
				49268EC51E798F030015EB8C /* Release */,
			);
			defaultConfigurationIsVisible = 0;
		};
/* End XCConfigurationList section */
	};
	rootObject = 49268E971E798DDB0015EB8C /* Project object */;
}
